// !$*UTF8*$!
{
	archiveVersion = 1;
	classes = {
	};
	objectVersion = 48;
	objects = {

/* Begin PBXBuildFile section */
		34369DB10DAF6FB3506D4E84 /* Pods_Slide_MessagesExtension.framework in Frameworks */ = {isa = PBXBuildFile; fileRef = 5CC16A733573D99C4BAF6AAC /* Pods_Slide_MessagesExtension.framework */; };
		410D03A28BB3C536875F1A2F /* Pods_SlideApp.framework in Frameworks */ = {isa = PBXBuildFile; fileRef = C484ED158974635B71BD9E46 /* Pods_SlideApp.framework */; };
		8D528F3FDD5D1179EED2642A /* Pods_Slide.framework in Frameworks */ = {isa = PBXBuildFile; fileRef = C1E91ADC495F0AFA084F4573 /* Pods_Slide.framework */; };
		9D1F64F22027B23500656F61 /* GoogleService-Info.plist in Resources */ = {isa = PBXBuildFile; fileRef = 9D1F64F12027B23400656F61 /* GoogleService-Info.plist */; };
		9D1F64F32027B23500656F61 /* GoogleService-Info.plist in Resources */ = {isa = PBXBuildFile; fileRef = 9D1F64F12027B23400656F61 /* GoogleService-Info.plist */; };
		9D1F64F52027B4BC00656F61 /* HomeViewController.swift in Sources */ = {isa = PBXBuildFile; fileRef = 9D1F64F42027B4BC00656F61 /* HomeViewController.swift */; };
		9D1F64F72027B4FD00656F61 /* AppTextsCollectionViewCell.swift in Sources */ = {isa = PBXBuildFile; fileRef = 9D1F64F62027B4FD00656F61 /* AppTextsCollectionViewCell.swift */; };
		9D1F64F92027B70300656F61 /* TextsFlowLayout.swift in Sources */ = {isa = PBXBuildFile; fileRef = 9D1F64F82027B70300656F61 /* TextsFlowLayout.swift */; };
		9D3DED1B202E856500CECD81 /* AgeViewController.swift in Sources */ = {isa = PBXBuildFile; fileRef = 9D3DED1A202E856500CECD81 /* AgeViewController.swift */; };
		9D3DED1D202E8C1900CECD81 /* WelcomeViewController.swift in Sources */ = {isa = PBXBuildFile; fileRef = 9D3DED1C202E8C1900CECD81 /* WelcomeViewController.swift */; };
		9D5713B2227005FD00BE7756 /* StoreKit.framework in Frameworks */ = {isa = PBXBuildFile; fileRef = 9D5713B1227005FD00BE7756 /* StoreKit.framework */; };
		9D600459201504E100A3105B /* Assets.xcassets in Resources */ = {isa = PBXBuildFile; fileRef = 9D600458201504E100A3105B /* Assets.xcassets */; };
		9D600460201504E200A3105B /* Slide MessagesExtension.appex in Embed App Extensions */ = {isa = PBXBuildFile; fileRef = 9D60045F201504E200A3105B /* Slide MessagesExtension.appex */; settings = {ATTRIBUTES = (RemoveHeadersOnCopy, ); }; };
		9D600465201504E200A3105B /* Messages.framework in Frameworks */ = {isa = PBXBuildFile; fileRef = 9D600464201504E200A3105B /* Messages.framework */; };
		9D600468201504E200A3105B /* MessagesViewController.swift in Sources */ = {isa = PBXBuildFile; fileRef = 9D600467201504E200A3105B /* MessagesViewController.swift */; };
		9D60046B201504E200A3105B /* MainInterface.storyboard in Resources */ = {isa = PBXBuildFile; fileRef = 9D600469201504E200A3105B /* MainInterface.storyboard */; };
		9D60046D201504E200A3105B /* Assets.xcassets in Resources */ = {isa = PBXBuildFile; fileRef = 9D60046C201504E200A3105B /* Assets.xcassets */; };
		9D6004792015070D00A3105B /* TextsCollectionViewCell.swift in Sources */ = {isa = PBXBuildFile; fileRef = 9D6004782015070D00A3105B /* TextsCollectionViewCell.swift */; };
		9D60047B2015072200A3105B /* TextsFlowLayout.swift in Sources */ = {isa = PBXBuildFile; fileRef = 9D60047A2015072200A3105B /* TextsFlowLayout.swift */; };
		9D88654C226FA5DF003AE80B /* CategoriesCollectionViewCell.swift in Sources */ = {isa = PBXBuildFile; fileRef = 9D88654B226FA5DF003AE80B /* CategoriesCollectionViewCell.swift */; };
		9D9C3DE32022C9C300DF5822 /* AppDelegate.swift in Sources */ = {isa = PBXBuildFile; fileRef = 9D9C3DE22022C9C300DF5822 /* AppDelegate.swift */; };
		9D9C3DE52022C9C300DF5822 /* ViewController.swift in Sources */ = {isa = PBXBuildFile; fileRef = 9D9C3DE42022C9C300DF5822 /* ViewController.swift */; };
		9D9C3DE82022C9C300DF5822 /* Main.storyboard in Resources */ = {isa = PBXBuildFile; fileRef = 9D9C3DE62022C9C300DF5822 /* Main.storyboard */; };
		9D9C3DEA2022C9C300DF5822 /* Assets.xcassets in Resources */ = {isa = PBXBuildFile; fileRef = 9D9C3DE92022C9C300DF5822 /* Assets.xcassets */; };
		9D9C3DED2022C9C300DF5822 /* LaunchScreen.storyboard in Resources */ = {isa = PBXBuildFile; fileRef = 9D9C3DEB2022C9C300DF5822 /* LaunchScreen.storyboard */; };
		9D9C3DF82022C9C300DF5822 /* SlideAppTests.swift in Sources */ = {isa = PBXBuildFile; fileRef = 9D9C3DF72022C9C300DF5822 /* SlideAppTests.swift */; };
		9D9C3E032022C9C300DF5822 /* SlideAppUITests.swift in Sources */ = {isa = PBXBuildFile; fileRef = 9D9C3E022022C9C300DF5822 /* SlideAppUITests.swift */; };
		9D9C3E0E2022CA8000DF5822 /* FirstnameViewController.swift in Sources */ = {isa = PBXBuildFile; fileRef = 9D6004812016D0C000A3105B /* FirstnameViewController.swift */; };
		9D9C3E0F2022CA8200DF5822 /* PasswordViewController.swift in Sources */ = {isa = PBXBuildFile; fileRef = 9D6004832016D0D200A3105B /* PasswordViewController.swift */; };
/* End PBXBuildFile section */

/* Begin PBXContainerItemProxy section */
		9D600461201504E200A3105B /* PBXContainerItemProxy */ = {
			isa = PBXContainerItemProxy;
			containerPortal = 9D60044F201504E100A3105B /* Project object */;
			proxyType = 1;
			remoteGlobalIDString = 9D60045E201504E200A3105B;
			remoteInfo = "Slide MessagesExtension";
		};
		9D9C3DF42022C9C300DF5822 /* PBXContainerItemProxy */ = {
			isa = PBXContainerItemProxy;
			containerPortal = 9D60044F201504E100A3105B /* Project object */;
			proxyType = 1;
			remoteGlobalIDString = 9D9C3DDF2022C9C300DF5822;
			remoteInfo = SlideApp;
		};
		9D9C3DFF2022C9C300DF5822 /* PBXContainerItemProxy */ = {
			isa = PBXContainerItemProxy;
			containerPortal = 9D60044F201504E100A3105B /* Project object */;
			proxyType = 1;
			remoteGlobalIDString = 9D9C3DDF2022C9C300DF5822;
			remoteInfo = SlideApp;
		};
/* End PBXContainerItemProxy section */

/* Begin PBXCopyFilesBuildPhase section */
		9D600474201504E200A3105B /* Embed App Extensions */ = {
			isa = PBXCopyFilesBuildPhase;
			buildActionMask = 2147483647;
			dstPath = "";
			dstSubfolderSpec = 13;
			files = (
				9D600460201504E200A3105B /* Slide MessagesExtension.appex in Embed App Extensions */,
			);
			name = "Embed App Extensions";
			runOnlyForDeploymentPostprocessing = 0;
		};
/* End PBXCopyFilesBuildPhase section */

/* Begin PBXFileReference section */
		0779755535D2C11F4078EA61 /* Pods-SlideApp.release.xcconfig */ = {isa = PBXFileReference; includeInIndex = 1; lastKnownFileType = text.xcconfig; name = "Pods-SlideApp.release.xcconfig"; path = "Pods/Target Support Files/Pods-SlideApp/Pods-SlideApp.release.xcconfig"; sourceTree = "<group>"; };
		38B97B576AFF1A496084031A /* Pods-Slide MessagesExtension.debug.xcconfig */ = {isa = PBXFileReference; includeInIndex = 1; lastKnownFileType = text.xcconfig; name = "Pods-Slide MessagesExtension.debug.xcconfig"; path = "Pods/Target Support Files/Pods-Slide MessagesExtension/Pods-Slide MessagesExtension.debug.xcconfig"; sourceTree = "<group>"; };
		3D79AE2DA046E1ED4A813080 /* Pods-SlideApp.debug.xcconfig */ = {isa = PBXFileReference; includeInIndex = 1; lastKnownFileType = text.xcconfig; name = "Pods-SlideApp.debug.xcconfig"; path = "Pods/Target Support Files/Pods-SlideApp/Pods-SlideApp.debug.xcconfig"; sourceTree = "<group>"; };
		5CC16A733573D99C4BAF6AAC /* Pods_Slide_MessagesExtension.framework */ = {isa = PBXFileReference; explicitFileType = wrapper.framework; includeInIndex = 0; path = Pods_Slide_MessagesExtension.framework; sourceTree = BUILT_PRODUCTS_DIR; };
		7560D201385ACF99C713E80E /* Pods-Slide MessagesExtension.release.xcconfig */ = {isa = PBXFileReference; includeInIndex = 1; lastKnownFileType = text.xcconfig; name = "Pods-Slide MessagesExtension.release.xcconfig"; path = "Pods/Target Support Files/Pods-Slide MessagesExtension/Pods-Slide MessagesExtension.release.xcconfig"; sourceTree = "<group>"; };
		9D1F64F12027B23400656F61 /* GoogleService-Info.plist */ = {isa = PBXFileReference; fileEncoding = 4; lastKnownFileType = text.plist.xml; path = "GoogleService-Info.plist"; sourceTree = "<group>"; };
		9D1F64F42027B4BC00656F61 /* HomeViewController.swift */ = {isa = PBXFileReference; lastKnownFileType = sourcecode.swift; path = HomeViewController.swift; sourceTree = "<group>"; };
		9D1F64F62027B4FD00656F61 /* AppTextsCollectionViewCell.swift */ = {isa = PBXFileReference; lastKnownFileType = sourcecode.swift; path = AppTextsCollectionViewCell.swift; sourceTree = "<group>"; };
		9D1F64F82027B70300656F61 /* TextsFlowLayout.swift */ = {isa = PBXFileReference; lastKnownFileType = sourcecode.swift; path = TextsFlowLayout.swift; sourceTree = "<group>"; };
		9D29D9212024ABD000BD09F8 /* SlideApp.entitlements */ = {isa = PBXFileReference; lastKnownFileType = text.plist.entitlements; path = SlideApp.entitlements; sourceTree = "<group>"; };
		9D3DED1A202E856500CECD81 /* AgeViewController.swift */ = {isa = PBXFileReference; lastKnownFileType = sourcecode.swift; path = AgeViewController.swift; sourceTree = "<group>"; };
		9D3DED1C202E8C1900CECD81 /* WelcomeViewController.swift */ = {isa = PBXFileReference; lastKnownFileType = sourcecode.swift; path = WelcomeViewController.swift; sourceTree = "<group>"; };
		9D5713B1227005FD00BE7756 /* StoreKit.framework */ = {isa = PBXFileReference; lastKnownFileType = wrapper.framework; name = StoreKit.framework; path = System/Library/Frameworks/StoreKit.framework; sourceTree = SDKROOT; };
		9D600455201504E100A3105B /* Slide.app */ = {isa = PBXFileReference; explicitFileType = wrapper.application; includeInIndex = 0; path = Slide.app; sourceTree = BUILT_PRODUCTS_DIR; };
		9D600458201504E100A3105B /* Assets.xcassets */ = {isa = PBXFileReference; lastKnownFileType = folder.assetcatalog; path = Assets.xcassets; sourceTree = "<group>"; };
		9D60045A201504E100A3105B /* Info.plist */ = {isa = PBXFileReference; lastKnownFileType = text.plist.xml; path = Info.plist; sourceTree = "<group>"; };
		9D60045F201504E200A3105B /* Slide MessagesExtension.appex */ = {isa = PBXFileReference; explicitFileType = "wrapper.app-extension"; includeInIndex = 0; path = "Slide MessagesExtension.appex"; sourceTree = BUILT_PRODUCTS_DIR; };
		9D600464201504E200A3105B /* Messages.framework */ = {isa = PBXFileReference; lastKnownFileType = wrapper.framework; name = Messages.framework; path = System/Library/Frameworks/Messages.framework; sourceTree = SDKROOT; };
		9D600467201504E200A3105B /* MessagesViewController.swift */ = {isa = PBXFileReference; lastKnownFileType = sourcecode.swift; path = MessagesViewController.swift; sourceTree = "<group>"; };
		9D60046A201504E200A3105B /* Base */ = {isa = PBXFileReference; lastKnownFileType = file.storyboard; name = Base; path = Base.lproj/MainInterface.storyboard; sourceTree = "<group>"; };
		9D60046C201504E200A3105B /* Assets.xcassets */ = {isa = PBXFileReference; lastKnownFileType = folder.assetcatalog; path = Assets.xcassets; sourceTree = "<group>"; };
		9D60046E201504E200A3105B /* Info.plist */ = {isa = PBXFileReference; lastKnownFileType = text.plist.xml; path = Info.plist; sourceTree = "<group>"; };
		9D6004782015070D00A3105B /* TextsCollectionViewCell.swift */ = {isa = PBXFileReference; lastKnownFileType = sourcecode.swift; path = TextsCollectionViewCell.swift; sourceTree = "<group>"; };
		9D60047A2015072200A3105B /* TextsFlowLayout.swift */ = {isa = PBXFileReference; lastKnownFileType = sourcecode.swift; path = TextsFlowLayout.swift; sourceTree = "<group>"; };
		9D60048020150DFB00A3105B /* Slide MessagesExtension.entitlements */ = {isa = PBXFileReference; lastKnownFileType = text.plist.entitlements; path = "Slide MessagesExtension.entitlements"; sourceTree = "<group>"; };
		9D6004812016D0C000A3105B /* FirstnameViewController.swift */ = {isa = PBXFileReference; lastKnownFileType = sourcecode.swift; path = FirstnameViewController.swift; sourceTree = "<group>"; };
		9D6004832016D0D200A3105B /* PasswordViewController.swift */ = {isa = PBXFileReference; lastKnownFileType = sourcecode.swift; path = PasswordViewController.swift; sourceTree = "<group>"; };
		9D88654B226FA5DF003AE80B /* CategoriesCollectionViewCell.swift */ = {isa = PBXFileReference; lastKnownFileType = sourcecode.swift; path = CategoriesCollectionViewCell.swift; sourceTree = "<group>"; };
		9D9C3DE02022C9C300DF5822 /* SlideApp.app */ = {isa = PBXFileReference; explicitFileType = wrapper.application; includeInIndex = 0; path = SlideApp.app; sourceTree = BUILT_PRODUCTS_DIR; };
		9D9C3DE22022C9C300DF5822 /* AppDelegate.swift */ = {isa = PBXFileReference; lastKnownFileType = sourcecode.swift; path = AppDelegate.swift; sourceTree = "<group>"; };
		9D9C3DE42022C9C300DF5822 /* ViewController.swift */ = {isa = PBXFileReference; lastKnownFileType = sourcecode.swift; path = ViewController.swift; sourceTree = "<group>"; };
		9D9C3DE72022C9C300DF5822 /* Base */ = {isa = PBXFileReference; lastKnownFileType = file.storyboard; name = Base; path = Base.lproj/Main.storyboard; sourceTree = "<group>"; };
		9D9C3DE92022C9C300DF5822 /* Assets.xcassets */ = {isa = PBXFileReference; lastKnownFileType = folder.assetcatalog; path = Assets.xcassets; sourceTree = "<group>"; };
		9D9C3DEC2022C9C300DF5822 /* Base */ = {isa = PBXFileReference; lastKnownFileType = file.storyboard; name = Base; path = Base.lproj/LaunchScreen.storyboard; sourceTree = "<group>"; };
		9D9C3DEE2022C9C300DF5822 /* Info.plist */ = {isa = PBXFileReference; lastKnownFileType = text.plist.xml; path = Info.plist; sourceTree = "<group>"; };
		9D9C3DF32022C9C300DF5822 /* SlideAppTests.xctest */ = {isa = PBXFileReference; explicitFileType = wrapper.cfbundle; includeInIndex = 0; path = SlideAppTests.xctest; sourceTree = BUILT_PRODUCTS_DIR; };
		9D9C3DF72022C9C300DF5822 /* SlideAppTests.swift */ = {isa = PBXFileReference; lastKnownFileType = sourcecode.swift; path = SlideAppTests.swift; sourceTree = "<group>"; };
		9D9C3DF92022C9C300DF5822 /* Info.plist */ = {isa = PBXFileReference; lastKnownFileType = text.plist.xml; path = Info.plist; sourceTree = "<group>"; };
		9D9C3DFE2022C9C300DF5822 /* SlideAppUITests.xctest */ = {isa = PBXFileReference; explicitFileType = wrapper.cfbundle; includeInIndex = 0; path = SlideAppUITests.xctest; sourceTree = BUILT_PRODUCTS_DIR; };
		9D9C3E022022C9C300DF5822 /* SlideAppUITests.swift */ = {isa = PBXFileReference; lastKnownFileType = sourcecode.swift; path = SlideAppUITests.swift; sourceTree = "<group>"; };
		9D9C3E042022C9C300DF5822 /* Info.plist */ = {isa = PBXFileReference; lastKnownFileType = text.plist.xml; path = Info.plist; sourceTree = "<group>"; };
		AF7FBED35AC7E2D3DAF98884 /* Pods-Slide.release.xcconfig */ = {isa = PBXFileReference; includeInIndex = 1; lastKnownFileType = text.xcconfig; name = "Pods-Slide.release.xcconfig"; path = "Pods/Target Support Files/Pods-Slide/Pods-Slide.release.xcconfig"; sourceTree = "<group>"; };
		C1E91ADC495F0AFA084F4573 /* Pods_Slide.framework */ = {isa = PBXFileReference; explicitFileType = wrapper.framework; includeInIndex = 0; path = Pods_Slide.framework; sourceTree = BUILT_PRODUCTS_DIR; };
		C484ED158974635B71BD9E46 /* Pods_SlideApp.framework */ = {isa = PBXFileReference; explicitFileType = wrapper.framework; includeInIndex = 0; path = Pods_SlideApp.framework; sourceTree = BUILT_PRODUCTS_DIR; };
		F34A60B82BA1737CF8A7B0AA /* Pods-Slide.debug.xcconfig */ = {isa = PBXFileReference; includeInIndex = 1; lastKnownFileType = text.xcconfig; name = "Pods-Slide.debug.xcconfig"; path = "Pods/Target Support Files/Pods-Slide/Pods-Slide.debug.xcconfig"; sourceTree = "<group>"; };
/* End PBXFileReference section */

/* Begin PBXFrameworksBuildPhase section */
		9D60045C201504E200A3105B /* Frameworks */ = {
			isa = PBXFrameworksBuildPhase;
			buildActionMask = 2147483647;
			files = (
				9D600465201504E200A3105B /* Messages.framework in Frameworks */,
				34369DB10DAF6FB3506D4E84 /* Pods_Slide_MessagesExtension.framework in Frameworks */,
			);
			runOnlyForDeploymentPostprocessing = 0;
		};
		9D9C3DDD2022C9C300DF5822 /* Frameworks */ = {
			isa = PBXFrameworksBuildPhase;
			buildActionMask = 2147483647;
			files = (
				410D03A28BB3C536875F1A2F /* Pods_SlideApp.framework in Frameworks */,
				9D5713B2227005FD00BE7756 /* StoreKit.framework in Frameworks */,
			);
			runOnlyForDeploymentPostprocessing = 0;
		};
		9D9C3DF02022C9C300DF5822 /* Frameworks */ = {
			isa = PBXFrameworksBuildPhase;
			buildActionMask = 2147483647;
			files = (
			);
			runOnlyForDeploymentPostprocessing = 0;
		};
		9D9C3DFB2022C9C300DF5822 /* Frameworks */ = {
			isa = PBXFrameworksBuildPhase;
			buildActionMask = 2147483647;
			files = (
			);
			runOnlyForDeploymentPostprocessing = 0;
		};
		CB9C0A666FEE0F1A0D9A2A7E /* Frameworks */ = {
			isa = PBXFrameworksBuildPhase;
			buildActionMask = 2147483647;
			files = (
				8D528F3FDD5D1179EED2642A /* Pods_Slide.framework in Frameworks */,
			);
			runOnlyForDeploymentPostprocessing = 0;
		};
/* End PBXFrameworksBuildPhase section */

/* Begin PBXGroup section */
		678E16FE796587AA3CA173FD /* Pods */ = {
			isa = PBXGroup;
			children = (
				F34A60B82BA1737CF8A7B0AA /* Pods-Slide.debug.xcconfig */,
				AF7FBED35AC7E2D3DAF98884 /* Pods-Slide.release.xcconfig */,
				38B97B576AFF1A496084031A /* Pods-Slide MessagesExtension.debug.xcconfig */,
				7560D201385ACF99C713E80E /* Pods-Slide MessagesExtension.release.xcconfig */,
				3D79AE2DA046E1ED4A813080 /* Pods-SlideApp.debug.xcconfig */,
				0779755535D2C11F4078EA61 /* Pods-SlideApp.release.xcconfig */,
			);
			name = Pods;
			sourceTree = "<group>";
		};
		9D60044E201504E100A3105B = {
			isa = PBXGroup;
			children = (
				9D9C3DE12022C9C300DF5822 /* SlideApp */,
				9D600457201504E100A3105B /* Slide */,
				9D600466201504E200A3105B /* Slide MessagesExtension */,
				9D9C3DF62022C9C300DF5822 /* SlideAppTests */,
				9D9C3E012022C9C300DF5822 /* SlideAppUITests */,
				9D600463201504E200A3105B /* Frameworks */,
				9D600456201504E100A3105B /* Products */,
				678E16FE796587AA3CA173FD /* Pods */,
			);
			sourceTree = "<group>";
		};
		9D600456201504E100A3105B /* Products */ = {
			isa = PBXGroup;
			children = (
				9D600455201504E100A3105B /* Slide.app */,
				9D60045F201504E200A3105B /* Slide MessagesExtension.appex */,
				9D9C3DE02022C9C300DF5822 /* SlideApp.app */,
				9D9C3DF32022C9C300DF5822 /* SlideAppTests.xctest */,
				9D9C3DFE2022C9C300DF5822 /* SlideAppUITests.xctest */,
			);
			name = Products;
			sourceTree = "<group>";
		};
		9D600457201504E100A3105B /* Slide */ = {
			isa = PBXGroup;
			children = (
				9D600458201504E100A3105B /* Assets.xcassets */,
				9D60045A201504E100A3105B /* Info.plist */,
			);
			path = Slide;
			sourceTree = "<group>";
		};
		9D600463201504E200A3105B /* Frameworks */ = {
			isa = PBXGroup;
			children = (
				9D5713B1227005FD00BE7756 /* StoreKit.framework */,
				9D600464201504E200A3105B /* Messages.framework */,
				C1E91ADC495F0AFA084F4573 /* Pods_Slide.framework */,
				5CC16A733573D99C4BAF6AAC /* Pods_Slide_MessagesExtension.framework */,
				C484ED158974635B71BD9E46 /* Pods_SlideApp.framework */,
			);
			name = Frameworks;
			sourceTree = "<group>";
		};
		9D600466201504E200A3105B /* Slide MessagesExtension */ = {
			isa = PBXGroup;
			children = (
				9D60048020150DFB00A3105B /* Slide MessagesExtension.entitlements */,
				9D600467201504E200A3105B /* MessagesViewController.swift */,
				9D600469201504E200A3105B /* MainInterface.storyboard */,
				9D6004782015070D00A3105B /* TextsCollectionViewCell.swift */,
				9D60047A2015072200A3105B /* TextsFlowLayout.swift */,
				9D60046C201504E200A3105B /* Assets.xcassets */,
				9D60046E201504E200A3105B /* Info.plist */,
				9D1F64F12027B23400656F61 /* GoogleService-Info.plist */,
			);
			path = "Slide MessagesExtension";
			sourceTree = "<group>";
		};
		9D9C3DE12022C9C300DF5822 /* SlideApp */ = {
			isa = PBXGroup;
			children = (
				9D29D9212024ABD000BD09F8 /* SlideApp.entitlements */,
				9D9C3DE22022C9C300DF5822 /* AppDelegate.swift */,
				9D3DED1A202E856500CECD81 /* AgeViewController.swift */,
				9D9C3DE42022C9C300DF5822 /* ViewController.swift */,
				9D6004812016D0C000A3105B /* FirstnameViewController.swift */,
				9D6004832016D0D200A3105B /* PasswordViewController.swift */,
				9D3DED1C202E8C1900CECD81 /* WelcomeViewController.swift */,
				9D1F64F42027B4BC00656F61 /* HomeViewController.swift */,
				9D88654B226FA5DF003AE80B /* CategoriesCollectionViewCell.swift */,
				9D1F64F62027B4FD00656F61 /* AppTextsCollectionViewCell.swift */,
				9D1F64F82027B70300656F61 /* TextsFlowLayout.swift */,
				9D9C3DE62022C9C300DF5822 /* Main.storyboard */,
				9D9C3DE92022C9C300DF5822 /* Assets.xcassets */,
				9D9C3DEB2022C9C300DF5822 /* LaunchScreen.storyboard */,
				9D9C3DEE2022C9C300DF5822 /* Info.plist */,
			);
			path = SlideApp;
			sourceTree = "<group>";
		};
		9D9C3DF62022C9C300DF5822 /* SlideAppTests */ = {
			isa = PBXGroup;
			children = (
				9D9C3DF72022C9C300DF5822 /* SlideAppTests.swift */,
				9D9C3DF92022C9C300DF5822 /* Info.plist */,
			);
			path = SlideAppTests;
			sourceTree = "<group>";
		};
		9D9C3E012022C9C300DF5822 /* SlideAppUITests */ = {
			isa = PBXGroup;
			children = (
				9D9C3E022022C9C300DF5822 /* SlideAppUITests.swift */,
				9D9C3E042022C9C300DF5822 /* Info.plist */,
			);
			path = SlideAppUITests;
			sourceTree = "<group>";
		};
/* End PBXGroup section */

/* Begin PBXNativeTarget section */
		9D600454201504E100A3105B /* Slide */ = {
			isa = PBXNativeTarget;
			buildConfigurationList = 9D600475201504E200A3105B /* Build configuration list for PBXNativeTarget "Slide" */;
			buildPhases = (
				1FC53800FE1004D67F34D0B5 /* [CP] Check Pods Manifest.lock */,
				9D600453201504E100A3105B /* Resources */,
				9D600474201504E200A3105B /* Embed App Extensions */,
				CB9C0A666FEE0F1A0D9A2A7E /* Frameworks */,
				027F8456FC41E853A2D9CB8F /* [CP] Embed Pods Frameworks */,
			);
			buildRules = (
			);
			dependencies = (
				9D600462201504E200A3105B /* PBXTargetDependency */,
			);
			name = Slide;
			productName = Slide;
			productReference = 9D600455201504E100A3105B /* Slide.app */;
			productType = "com.apple.product-type.application.messages";
		};
		9D60045E201504E200A3105B /* Slide MessagesExtension */ = {
			isa = PBXNativeTarget;
			buildConfigurationList = 9D600471201504E200A3105B /* Build configuration list for PBXNativeTarget "Slide MessagesExtension" */;
			buildPhases = (
				48C3FE183C81D6DCAF207C48 /* [CP] Check Pods Manifest.lock */,
				9D60045B201504E200A3105B /* Sources */,
				9D60045C201504E200A3105B /* Frameworks */,
				9D60045D201504E200A3105B /* Resources */,
			);
			buildRules = (
			);
			dependencies = (
			);
			name = "Slide MessagesExtension";
			productName = "Slide MessagesExtension";
			productReference = 9D60045F201504E200A3105B /* Slide MessagesExtension.appex */;
			productType = "com.apple.product-type.app-extension.messages";
		};
		9D9C3DDF2022C9C300DF5822 /* SlideApp */ = {
			isa = PBXNativeTarget;
			buildConfigurationList = 9D9C3E0B2022C9C300DF5822 /* Build configuration list for PBXNativeTarget "SlideApp" */;
			buildPhases = (
				FB497B1CB50590BCF1B628C4 /* [CP] Check Pods Manifest.lock */,
				9D9C3DDC2022C9C300DF5822 /* Sources */,
				9D9C3DDD2022C9C300DF5822 /* Frameworks */,
				9D9C3DDE2022C9C300DF5822 /* Resources */,
				8F8C9FC9ED6575582F103291 /* [CP] Embed Pods Frameworks */,
			);
			buildRules = (
			);
			dependencies = (
			);
			name = SlideApp;
			productName = SlideApp;
			productReference = 9D9C3DE02022C9C300DF5822 /* SlideApp.app */;
			productType = "com.apple.product-type.application";
		};
		9D9C3DF22022C9C300DF5822 /* SlideAppTests */ = {
			isa = PBXNativeTarget;
			buildConfigurationList = 9D9C3E0C2022C9C300DF5822 /* Build configuration list for PBXNativeTarget "SlideAppTests" */;
			buildPhases = (
				9D9C3DEF2022C9C300DF5822 /* Sources */,
				9D9C3DF02022C9C300DF5822 /* Frameworks */,
				9D9C3DF12022C9C300DF5822 /* Resources */,
			);
			buildRules = (
			);
			dependencies = (
				9D9C3DF52022C9C300DF5822 /* PBXTargetDependency */,
			);
			name = SlideAppTests;
			productName = SlideAppTests;
			productReference = 9D9C3DF32022C9C300DF5822 /* SlideAppTests.xctest */;
			productType = "com.apple.product-type.bundle.unit-test";
		};
		9D9C3DFD2022C9C300DF5822 /* SlideAppUITests */ = {
			isa = PBXNativeTarget;
			buildConfigurationList = 9D9C3E0D2022C9C300DF5822 /* Build configuration list for PBXNativeTarget "SlideAppUITests" */;
			buildPhases = (
				9D9C3DFA2022C9C300DF5822 /* Sources */,
				9D9C3DFB2022C9C300DF5822 /* Frameworks */,
				9D9C3DFC2022C9C300DF5822 /* Resources */,
			);
			buildRules = (
			);
			dependencies = (
				9D9C3E002022C9C300DF5822 /* PBXTargetDependency */,
			);
			name = SlideAppUITests;
			productName = SlideAppUITests;
			productReference = 9D9C3DFE2022C9C300DF5822 /* SlideAppUITests.xctest */;
			productType = "com.apple.product-type.bundle.ui-testing";
		};
/* End PBXNativeTarget section */

/* Begin PBXProject section */
		9D60044F201504E100A3105B /* Project object */ = {
			isa = PBXProject;
			attributes = {
				LastSwiftUpdateCheck = 0920;
				LastUpgradeCheck = 0920;
				ORGANIZATIONNAME = "AA Tech";
				TargetAttributes = {
					9D600454201504E100A3105B = {
						CreatedOnToolsVersion = 9.2;
						ProvisioningStyle = Automatic;
					};
					9D60045E201504E200A3105B = {
						CreatedOnToolsVersion = 9.2;
						ProvisioningStyle = Automatic;
						SystemCapabilities = {
							com.apple.ApplicationGroups.iOS = {
								enabled = 1;
							};
						};
					};
					9D9C3DDF2022C9C300DF5822 = {
						CreatedOnToolsVersion = 9.2;
						ProvisioningStyle = Automatic;
						SystemCapabilities = {
							com.apple.ApplicationGroups.iOS = {
								enabled = 1;
							};
							com.apple.InAppPurchase = {
								enabled = 1;
							};
						};
					};
					9D9C3DF22022C9C300DF5822 = {
						CreatedOnToolsVersion = 9.2;
						ProvisioningStyle = Automatic;
						TestTargetID = 9D9C3DDF2022C9C300DF5822;
					};
					9D9C3DFD2022C9C300DF5822 = {
						CreatedOnToolsVersion = 9.2;
						ProvisioningStyle = Automatic;
						TestTargetID = 9D9C3DDF2022C9C300DF5822;
					};
				};
			};
			buildConfigurationList = 9D600452201504E100A3105B /* Build configuration list for PBXProject "Slide" */;
			compatibilityVersion = "Xcode 8.0";
			developmentRegion = en;
			hasScannedForEncodings = 0;
			knownRegions = (
				en,
				Base,
			);
			mainGroup = 9D60044E201504E100A3105B;
			productRefGroup = 9D600456201504E100A3105B /* Products */;
			projectDirPath = "";
			projectRoot = "";
			targets = (
				9D9C3DDF2022C9C300DF5822 /* SlideApp */,
				9D60045E201504E200A3105B /* Slide MessagesExtension */,
				9D600454201504E100A3105B /* Slide */,
				9D9C3DF22022C9C300DF5822 /* SlideAppTests */,
				9D9C3DFD2022C9C300DF5822 /* SlideAppUITests */,
			);
		};
/* End PBXProject section */

/* Begin PBXResourcesBuildPhase section */
		9D600453201504E100A3105B /* Resources */ = {
			isa = PBXResourcesBuildPhase;
			buildActionMask = 2147483647;
			files = (
				9D600459201504E100A3105B /* Assets.xcassets in Resources */,
			);
			runOnlyForDeploymentPostprocessing = 0;
		};
		9D60045D201504E200A3105B /* Resources */ = {
			isa = PBXResourcesBuildPhase;
			buildActionMask = 2147483647;
			files = (
				9D60046D201504E200A3105B /* Assets.xcassets in Resources */,
				9D60046B201504E200A3105B /* MainInterface.storyboard in Resources */,
				9D1F64F32027B23500656F61 /* GoogleService-Info.plist in Resources */,
			);
			runOnlyForDeploymentPostprocessing = 0;
		};
		9D9C3DDE2022C9C300DF5822 /* Resources */ = {
			isa = PBXResourcesBuildPhase;
			buildActionMask = 2147483647;
			files = (
				9D9C3DED2022C9C300DF5822 /* LaunchScreen.storyboard in Resources */,
				9D1F64F22027B23500656F61 /* GoogleService-Info.plist in Resources */,
				9D9C3DEA2022C9C300DF5822 /* Assets.xcassets in Resources */,
				9D9C3DE82022C9C300DF5822 /* Main.storyboard in Resources */,
			);
			runOnlyForDeploymentPostprocessing = 0;
		};
		9D9C3DF12022C9C300DF5822 /* Resources */ = {
			isa = PBXResourcesBuildPhase;
			buildActionMask = 2147483647;
			files = (
			);
			runOnlyForDeploymentPostprocessing = 0;
		};
		9D9C3DFC2022C9C300DF5822 /* Resources */ = {
			isa = PBXResourcesBuildPhase;
			buildActionMask = 2147483647;
			files = (
			);
			runOnlyForDeploymentPostprocessing = 0;
		};
/* End PBXResourcesBuildPhase section */

/* Begin PBXShellScriptBuildPhase section */
		027F8456FC41E853A2D9CB8F /* [CP] Embed Pods Frameworks */ = {
			isa = PBXShellScriptBuildPhase;
			buildActionMask = 2147483647;
			files = (
			);
			inputPaths = (
				"${SRCROOT}/Pods/Target Support Files/Pods-Slide/Pods-Slide-frameworks.sh",
				"${BUILT_PRODUCTS_DIR}/GTMSessionFetcher-iOS11.1/GTMSessionFetcher.framework",
				"${BUILT_PRODUCTS_DIR}/GoogleToolboxForMac-iOS11.1/GoogleToolboxForMac.framework",
				"${BUILT_PRODUCTS_DIR}/Protobuf-iOS11.1/Protobuf.framework",
				"${BUILT_PRODUCTS_DIR}/leveldb-library-iOS11.1/leveldb.framework",
				"${BUILT_PRODUCTS_DIR}/nanopb-iOS11.1/nanopb.framework",
			);
			name = "[CP] Embed Pods Frameworks";
			outputPaths = (
				"${TARGET_BUILD_DIR}/${FRAMEWORKS_FOLDER_PATH}/GTMSessionFetcher.framework",
				"${TARGET_BUILD_DIR}/${FRAMEWORKS_FOLDER_PATH}/GoogleToolboxForMac.framework",
				"${TARGET_BUILD_DIR}/${FRAMEWORKS_FOLDER_PATH}/Protobuf.framework",
				"${TARGET_BUILD_DIR}/${FRAMEWORKS_FOLDER_PATH}/leveldb.framework",
				"${TARGET_BUILD_DIR}/${FRAMEWORKS_FOLDER_PATH}/nanopb.framework",
			);
			runOnlyForDeploymentPostprocessing = 0;
			shellPath = /bin/sh;
			shellScript = "\"${SRCROOT}/Pods/Target Support Files/Pods-Slide/Pods-Slide-frameworks.sh\"\n";
			showEnvVarsInLog = 0;
		};
		1FC53800FE1004D67F34D0B5 /* [CP] Check Pods Manifest.lock */ = {
			isa = PBXShellScriptBuildPhase;
			buildActionMask = 2147483647;
			files = (
			);
			inputPaths = (
				"${PODS_PODFILE_DIR_PATH}/Podfile.lock",
				"${PODS_ROOT}/Manifest.lock",
			);
			name = "[CP] Check Pods Manifest.lock";
			outputPaths = (
				"$(DERIVED_FILE_DIR)/Pods-Slide-checkManifestLockResult.txt",
			);
			runOnlyForDeploymentPostprocessing = 0;
			shellPath = /bin/sh;
			shellScript = "diff \"${PODS_PODFILE_DIR_PATH}/Podfile.lock\" \"${PODS_ROOT}/Manifest.lock\" > /dev/null\nif [ $? != 0 ] ; then\n    # print error to STDERR\n    echo \"error: The sandbox is not in sync with the Podfile.lock. Run 'pod install' or update your CocoaPods installation.\" >&2\n    exit 1\nfi\n# This output is used by Xcode 'outputs' to avoid re-running this script phase.\necho \"SUCCESS\" > \"${SCRIPT_OUTPUT_FILE_0}\"\n";
			showEnvVarsInLog = 0;
		};
		48C3FE183C81D6DCAF207C48 /* [CP] Check Pods Manifest.lock */ = {
			isa = PBXShellScriptBuildPhase;
			buildActionMask = 2147483647;
			files = (
			);
			inputPaths = (
				"${PODS_PODFILE_DIR_PATH}/Podfile.lock",
				"${PODS_ROOT}/Manifest.lock",
			);
			name = "[CP] Check Pods Manifest.lock";
			outputPaths = (
				"$(DERIVED_FILE_DIR)/Pods-Slide MessagesExtension-checkManifestLockResult.txt",
			);
			runOnlyForDeploymentPostprocessing = 0;
			shellPath = /bin/sh;
			shellScript = "diff \"${PODS_PODFILE_DIR_PATH}/Podfile.lock\" \"${PODS_ROOT}/Manifest.lock\" > /dev/null\nif [ $? != 0 ] ; then\n    # print error to STDERR\n    echo \"error: The sandbox is not in sync with the Podfile.lock. Run 'pod install' or update your CocoaPods installation.\" >&2\n    exit 1\nfi\n# This output is used by Xcode 'outputs' to avoid re-running this script phase.\necho \"SUCCESS\" > \"${SCRIPT_OUTPUT_FILE_0}\"\n";
			showEnvVarsInLog = 0;
		};
		8F8C9FC9ED6575582F103291 /* [CP] Embed Pods Frameworks */ = {
			isa = PBXShellScriptBuildPhase;
			buildActionMask = 2147483647;
			files = (
			);
			inputPaths = (
				"${SRCROOT}/Pods/Target Support Files/Pods-SlideApp/Pods-SlideApp-frameworks.sh",
				"${BUILT_PRODUCTS_DIR}/GTMSessionFetcher-iOS11.2/GTMSessionFetcher.framework",
				"${BUILT_PRODUCTS_DIR}/GoogleToolboxForMac-iOS11.2/GoogleToolboxForMac.framework",
				"${BUILT_PRODUCTS_DIR}/Protobuf-iOS11.2/Protobuf.framework",
				"${BUILT_PRODUCTS_DIR}/Purchases/Purchases.framework",
				"${BUILT_PRODUCTS_DIR}/leveldb-library-iOS11.2/leveldb.framework",
				"${BUILT_PRODUCTS_DIR}/nanopb-iOS11.2/nanopb.framework",
			);
			name = "[CP] Embed Pods Frameworks";
			outputPaths = (
				"${TARGET_BUILD_DIR}/${FRAMEWORKS_FOLDER_PATH}/GTMSessionFetcher.framework",
				"${TARGET_BUILD_DIR}/${FRAMEWORKS_FOLDER_PATH}/GoogleToolboxForMac.framework",
				"${TARGET_BUILD_DIR}/${FRAMEWORKS_FOLDER_PATH}/Protobuf.framework",
				"${TARGET_BUILD_DIR}/${FRAMEWORKS_FOLDER_PATH}/Purchases.framework",
				"${TARGET_BUILD_DIR}/${FRAMEWORKS_FOLDER_PATH}/leveldb.framework",
				"${TARGET_BUILD_DIR}/${FRAMEWORKS_FOLDER_PATH}/nanopb.framework",
			);
			runOnlyForDeploymentPostprocessing = 0;
			shellPath = /bin/sh;
			shellScript = "\"${SRCROOT}/Pods/Target Support Files/Pods-SlideApp/Pods-SlideApp-frameworks.sh\"\n";
			showEnvVarsInLog = 0;
		};
		FB497B1CB50590BCF1B628C4 /* [CP] Check Pods Manifest.lock */ = {
			isa = PBXShellScriptBuildPhase;
			buildActionMask = 2147483647;
			files = (
			);
			inputPaths = (
				"${PODS_PODFILE_DIR_PATH}/Podfile.lock",
				"${PODS_ROOT}/Manifest.lock",
			);
			name = "[CP] Check Pods Manifest.lock";
			outputPaths = (
				"$(DERIVED_FILE_DIR)/Pods-SlideApp-checkManifestLockResult.txt",
			);
			runOnlyForDeploymentPostprocessing = 0;
			shellPath = /bin/sh;
			shellScript = "diff \"${PODS_PODFILE_DIR_PATH}/Podfile.lock\" \"${PODS_ROOT}/Manifest.lock\" > /dev/null\nif [ $? != 0 ] ; then\n    # print error to STDERR\n    echo \"error: The sandbox is not in sync with the Podfile.lock. Run 'pod install' or update your CocoaPods installation.\" >&2\n    exit 1\nfi\n# This output is used by Xcode 'outputs' to avoid re-running this script phase.\necho \"SUCCESS\" > \"${SCRIPT_OUTPUT_FILE_0}\"\n";
			showEnvVarsInLog = 0;
		};
/* End PBXShellScriptBuildPhase section */

/* Begin PBXSourcesBuildPhase section */
		9D60045B201504E200A3105B /* Sources */ = {
			isa = PBXSourcesBuildPhase;
			buildActionMask = 2147483647;
			files = (
				9D600468201504E200A3105B /* MessagesViewController.swift in Sources */,
				9D60047B2015072200A3105B /* TextsFlowLayout.swift in Sources */,
				9D6004792015070D00A3105B /* TextsCollectionViewCell.swift in Sources */,
			);
			runOnlyForDeploymentPostprocessing = 0;
		};
		9D9C3DDC2022C9C300DF5822 /* Sources */ = {
			isa = PBXSourcesBuildPhase;
			buildActionMask = 2147483647;
			files = (
				9D3DED1D202E8C1900CECD81 /* WelcomeViewController.swift in Sources */,
				9D1F64F52027B4BC00656F61 /* HomeViewController.swift in Sources */,
				9D9C3DE52022C9C300DF5822 /* ViewController.swift in Sources */,
				9D1F64F72027B4FD00656F61 /* AppTextsCollectionViewCell.swift in Sources */,
				9D88654C226FA5DF003AE80B /* CategoriesCollectionViewCell.swift in Sources */,
				9D9C3E0F2022CA8200DF5822 /* PasswordViewController.swift in Sources */,
				9D9C3E0E2022CA8000DF5822 /* FirstnameViewController.swift in Sources */,
				9D9C3DE32022C9C300DF5822 /* AppDelegate.swift in Sources */,
				9D3DED1B202E856500CECD81 /* AgeViewController.swift in Sources */,
				9D1F64F92027B70300656F61 /* TextsFlowLayout.swift in Sources */,
			);
			runOnlyForDeploymentPostprocessing = 0;
		};
		9D9C3DEF2022C9C300DF5822 /* Sources */ = {
			isa = PBXSourcesBuildPhase;
			buildActionMask = 2147483647;
			files = (
				9D9C3DF82022C9C300DF5822 /* SlideAppTests.swift in Sources */,
			);
			runOnlyForDeploymentPostprocessing = 0;
		};
		9D9C3DFA2022C9C300DF5822 /* Sources */ = {
			isa = PBXSourcesBuildPhase;
			buildActionMask = 2147483647;
			files = (
				9D9C3E032022C9C300DF5822 /* SlideAppUITests.swift in Sources */,
			);
			runOnlyForDeploymentPostprocessing = 0;
		};
/* End PBXSourcesBuildPhase section */

/* Begin PBXTargetDependency section */
		9D600462201504E200A3105B /* PBXTargetDependency */ = {
			isa = PBXTargetDependency;
			target = 9D60045E201504E200A3105B /* Slide MessagesExtension */;
			targetProxy = 9D600461201504E200A3105B /* PBXContainerItemProxy */;
		};
		9D9C3DF52022C9C300DF5822 /* PBXTargetDependency */ = {
			isa = PBXTargetDependency;
			target = 9D9C3DDF2022C9C300DF5822 /* SlideApp */;
			targetProxy = 9D9C3DF42022C9C300DF5822 /* PBXContainerItemProxy */;
		};
		9D9C3E002022C9C300DF5822 /* PBXTargetDependency */ = {
			isa = PBXTargetDependency;
			target = 9D9C3DDF2022C9C300DF5822 /* SlideApp */;
			targetProxy = 9D9C3DFF2022C9C300DF5822 /* PBXContainerItemProxy */;
		};
/* End PBXTargetDependency section */

/* Begin PBXVariantGroup section */
		9D600469201504E200A3105B /* MainInterface.storyboard */ = {
			isa = PBXVariantGroup;
			children = (
				9D60046A201504E200A3105B /* Base */,
			);
			name = MainInterface.storyboard;
			sourceTree = "<group>";
		};
		9D9C3DE62022C9C300DF5822 /* Main.storyboard */ = {
			isa = PBXVariantGroup;
			children = (
				9D9C3DE72022C9C300DF5822 /* Base */,
			);
			name = Main.storyboard;
			sourceTree = "<group>";
		};
		9D9C3DEB2022C9C300DF5822 /* LaunchScreen.storyboard */ = {
			isa = PBXVariantGroup;
			children = (
				9D9C3DEC2022C9C300DF5822 /* Base */,
			);
			name = LaunchScreen.storyboard;
			sourceTree = "<group>";
		};
/* End PBXVariantGroup section */

/* Begin XCBuildConfiguration section */
		9D60046F201504E200A3105B /* Debug */ = {
			isa = XCBuildConfiguration;
			buildSettings = {
				ALWAYS_SEARCH_USER_PATHS = NO;
				CLANG_ANALYZER_NONNULL = YES;
				CLANG_ANALYZER_NUMBER_OBJECT_CONVERSION = YES_AGGRESSIVE;
				CLANG_CXX_LANGUAGE_STANDARD = "gnu++14";
				CLANG_CXX_LIBRARY = "libc++";
				CLANG_ENABLE_MODULES = YES;
				CLANG_ENABLE_OBJC_ARC = YES;
				CLANG_WARN_BLOCK_CAPTURE_AUTORELEASING = YES;
				CLANG_WARN_BOOL_CONVERSION = YES;
				CLANG_WARN_COMMA = YES;
				CLANG_WARN_CONSTANT_CONVERSION = YES;
				CLANG_WARN_DIRECT_OBJC_ISA_USAGE = YES_ERROR;
				CLANG_WARN_DOCUMENTATION_COMMENTS = YES;
				CLANG_WARN_EMPTY_BODY = YES;
				CLANG_WARN_ENUM_CONVERSION = YES;
				CLANG_WARN_INFINITE_RECURSION = YES;
				CLANG_WARN_INT_CONVERSION = YES;
				CLANG_WARN_NON_LITERAL_NULL_CONVERSION = YES;
				CLANG_WARN_OBJC_LITERAL_CONVERSION = YES;
				CLANG_WARN_OBJC_ROOT_CLASS = YES_ERROR;
				CLANG_WARN_RANGE_LOOP_ANALYSIS = YES;
				CLANG_WARN_STRICT_PROTOTYPES = YES;
				CLANG_WARN_SUSPICIOUS_MOVE = YES;
				CLANG_WARN_UNGUARDED_AVAILABILITY = YES_AGGRESSIVE;
				CLANG_WARN_UNREACHABLE_CODE = YES;
				CLANG_WARN__DUPLICATE_METHOD_MATCH = YES;
				CODE_SIGN_IDENTITY = "iPhone Developer";
				COPY_PHASE_STRIP = NO;
				DEBUG_INFORMATION_FORMAT = dwarf;
				ENABLE_STRICT_OBJC_MSGSEND = YES;
				ENABLE_TESTABILITY = YES;
				GCC_C_LANGUAGE_STANDARD = gnu11;
				GCC_DYNAMIC_NO_PIC = NO;
				GCC_NO_COMMON_BLOCKS = YES;
				GCC_OPTIMIZATION_LEVEL = 0;
				GCC_PREPROCESSOR_DEFINITIONS = (
					"DEBUG=1",
					"$(inherited)",
				);
				GCC_WARN_64_TO_32_BIT_CONVERSION = YES;
				GCC_WARN_ABOUT_RETURN_TYPE = YES_ERROR;
				GCC_WARN_UNDECLARED_SELECTOR = YES;
				GCC_WARN_UNINITIALIZED_AUTOS = YES_AGGRESSIVE;
				GCC_WARN_UNUSED_FUNCTION = YES;
				GCC_WARN_UNUSED_VARIABLE = YES;
				IPHONEOS_DEPLOYMENT_TARGET = 11.1;
				MTL_ENABLE_DEBUG_INFO = YES;
				ONLY_ACTIVE_ARCH = YES;
				SDKROOT = iphoneos;
				SWIFT_ACTIVE_COMPILATION_CONDITIONS = DEBUG;
				SWIFT_OPTIMIZATION_LEVEL = "-Onone";
			};
			name = Debug;
		};
		9D600470201504E200A3105B /* Release */ = {
			isa = XCBuildConfiguration;
			buildSettings = {
				ALWAYS_SEARCH_USER_PATHS = NO;
				CLANG_ANALYZER_NONNULL = YES;
				CLANG_ANALYZER_NUMBER_OBJECT_CONVERSION = YES_AGGRESSIVE;
				CLANG_CXX_LANGUAGE_STANDARD = "gnu++14";
				CLANG_CXX_LIBRARY = "libc++";
				CLANG_ENABLE_MODULES = YES;
				CLANG_ENABLE_OBJC_ARC = YES;
				CLANG_WARN_BLOCK_CAPTURE_AUTORELEASING = YES;
				CLANG_WARN_BOOL_CONVERSION = YES;
				CLANG_WARN_COMMA = YES;
				CLANG_WARN_CONSTANT_CONVERSION = YES;
				CLANG_WARN_DIRECT_OBJC_ISA_USAGE = YES_ERROR;
				CLANG_WARN_DOCUMENTATION_COMMENTS = YES;
				CLANG_WARN_EMPTY_BODY = YES;
				CLANG_WARN_ENUM_CONVERSION = YES;
				CLANG_WARN_INFINITE_RECURSION = YES;
				CLANG_WARN_INT_CONVERSION = YES;
				CLANG_WARN_NON_LITERAL_NULL_CONVERSION = YES;
				CLANG_WARN_OBJC_LITERAL_CONVERSION = YES;
				CLANG_WARN_OBJC_ROOT_CLASS = YES_ERROR;
				CLANG_WARN_RANGE_LOOP_ANALYSIS = YES;
				CLANG_WARN_STRICT_PROTOTYPES = YES;
				CLANG_WARN_SUSPICIOUS_MOVE = YES;
				CLANG_WARN_UNGUARDED_AVAILABILITY = YES_AGGRESSIVE;
				CLANG_WARN_UNREACHABLE_CODE = YES;
				CLANG_WARN__DUPLICATE_METHOD_MATCH = YES;
				CODE_SIGN_IDENTITY = "iPhone Developer";
				COPY_PHASE_STRIP = NO;
				DEBUG_INFORMATION_FORMAT = "dwarf-with-dsym";
				ENABLE_NS_ASSERTIONS = NO;
				ENABLE_STRICT_OBJC_MSGSEND = YES;
				GCC_C_LANGUAGE_STANDARD = gnu11;
				GCC_NO_COMMON_BLOCKS = YES;
				GCC_WARN_64_TO_32_BIT_CONVERSION = YES;
				GCC_WARN_ABOUT_RETURN_TYPE = YES_ERROR;
				GCC_WARN_UNDECLARED_SELECTOR = YES;
				GCC_WARN_UNINITIALIZED_AUTOS = YES_AGGRESSIVE;
				GCC_WARN_UNUSED_FUNCTION = YES;
				GCC_WARN_UNUSED_VARIABLE = YES;
				IPHONEOS_DEPLOYMENT_TARGET = 11.1;
				MTL_ENABLE_DEBUG_INFO = NO;
				SDKROOT = iphoneos;
				SWIFT_OPTIMIZATION_LEVEL = "-Owholemodule";
				VALIDATE_PRODUCT = YES;
			};
			name = Release;
		};
		9D600472201504E200A3105B /* Debug */ = {
			isa = XCBuildConfiguration;
			baseConfigurationReference = 38B97B576AFF1A496084031A /* Pods-Slide MessagesExtension.debug.xcconfig */;
			buildSettings = {
				ASSETCATALOG_COMPILER_APPICON_NAME = "iMessage App Icon";
				CODE_SIGN_ENTITLEMENTS = "Slide MessagesExtension/Slide MessagesExtension.entitlements";
				CODE_SIGN_STYLE = Automatic;
				DEVELOPMENT_TEAM = 797Q3HJ5U5;
				INFOPLIST_FILE = "Slide MessagesExtension/Info.plist";
				IPHONEOS_DEPLOYMENT_TARGET = 11.1;
				LD_RUNPATH_SEARCH_PATHS = "$(inherited) @executable_path/Frameworks @executable_path/../../Frameworks";
				PRODUCT_BUNDLE_IDENTIFIER = com.aatech.Slide.MessagesExtension;
				PRODUCT_NAME = "$(TARGET_NAME)";
				SKIP_INSTALL = YES;
				SWIFT_VERSION = 4.0;
				TARGETED_DEVICE_FAMILY = "1,2";
			};
			name = Debug;
		};
		9D600473201504E200A3105B /* Release */ = {
			isa = XCBuildConfiguration;
			baseConfigurationReference = 7560D201385ACF99C713E80E /* Pods-Slide MessagesExtension.release.xcconfig */;
			buildSettings = {
				ASSETCATALOG_COMPILER_APPICON_NAME = "iMessage App Icon";
				CODE_SIGN_ENTITLEMENTS = "Slide MessagesExtension/Slide MessagesExtension.entitlements";
				CODE_SIGN_STYLE = Automatic;
				DEVELOPMENT_TEAM = 797Q3HJ5U5;
				INFOPLIST_FILE = "Slide MessagesExtension/Info.plist";
				IPHONEOS_DEPLOYMENT_TARGET = 11.1;
				LD_RUNPATH_SEARCH_PATHS = "$(inherited) @executable_path/Frameworks @executable_path/../../Frameworks";
				PRODUCT_BUNDLE_IDENTIFIER = com.aatech.Slide.MessagesExtension;
				PRODUCT_NAME = "$(TARGET_NAME)";
				SKIP_INSTALL = YES;
				SWIFT_VERSION = 4.0;
				TARGETED_DEVICE_FAMILY = "1,2";
			};
			name = Release;
		};
		9D600476201504E200A3105B /* Debug */ = {
			isa = XCBuildConfiguration;
			baseConfigurationReference = F34A60B82BA1737CF8A7B0AA /* Pods-Slide.debug.xcconfig */;
			buildSettings = {
				ALWAYS_EMBED_SWIFT_STANDARD_LIBRARIES = YES;
				ASSETCATALOG_COMPILER_APPICON_NAME = "AppIcon-1";
				CODE_SIGN_STYLE = Automatic;
				DEVELOPMENT_TEAM = 797Q3HJ5U5;
				INFOPLIST_FILE = Slide/Info.plist;
				IPHONEOS_DEPLOYMENT_TARGET = 11.1;
				PRODUCT_BUNDLE_IDENTIFIER = com.aatech.Slide;
				PRODUCT_NAME = "$(TARGET_NAME)";
				SWIFT_VERSION = 4.0;
				TARGETED_DEVICE_FAMILY = "1,2";
			};
			name = Debug;
		};
		9D600477201504E200A3105B /* Release */ = {
			isa = XCBuildConfiguration;
			baseConfigurationReference = AF7FBED35AC7E2D3DAF98884 /* Pods-Slide.release.xcconfig */;
			buildSettings = {
				ALWAYS_EMBED_SWIFT_STANDARD_LIBRARIES = YES;
				ASSETCATALOG_COMPILER_APPICON_NAME = "AppIcon-1";
				CODE_SIGN_STYLE = Automatic;
				DEVELOPMENT_TEAM = 797Q3HJ5U5;
				INFOPLIST_FILE = Slide/Info.plist;
				IPHONEOS_DEPLOYMENT_TARGET = 11.1;
				PRODUCT_BUNDLE_IDENTIFIER = com.aatech.Slide;
				PRODUCT_NAME = "$(TARGET_NAME)";
				SWIFT_VERSION = 4.0;
				TARGETED_DEVICE_FAMILY = "1,2";
			};
			name = Release;
		};
		9D9C3E052022C9C300DF5822 /* Debug */ = {
			isa = XCBuildConfiguration;
			baseConfigurationReference = 3D79AE2DA046E1ED4A813080 /* Pods-SlideApp.debug.xcconfig */;
			buildSettings = {
				ASSETCATALOG_COMPILER_APPICON_NAME = "AppIcon-1";
				CODE_SIGN_ENTITLEMENTS = SlideApp/SlideApp.entitlements;
				CODE_SIGN_STYLE = Automatic;
				DEVELOPMENT_TEAM = 797Q3HJ5U5;
				INFOPLIST_FILE = SlideApp/Info.plist;
				IPHONEOS_DEPLOYMENT_TARGET = 11.2;
				LD_RUNPATH_SEARCH_PATHS = "$(inherited) @executable_path/Frameworks";
				PRODUCT_BUNDLE_IDENTIFIER = com.aatech.SlideApp;
				PRODUCT_NAME = "$(TARGET_NAME)";
				SWIFT_VERSION = 4.0;
				TARGETED_DEVICE_FAMILY = "1,2";
			};
			name = Debug;
		};
		9D9C3E062022C9C300DF5822 /* Release */ = {
			isa = XCBuildConfiguration;
			baseConfigurationReference = 0779755535D2C11F4078EA61 /* Pods-SlideApp.release.xcconfig */;
			buildSettings = {
				ASSETCATALOG_COMPILER_APPICON_NAME = "AppIcon-1";
				CODE_SIGN_ENTITLEMENTS = SlideApp/SlideApp.entitlements;
				CODE_SIGN_STYLE = Automatic;
				DEVELOPMENT_TEAM = 797Q3HJ5U5;
				INFOPLIST_FILE = SlideApp/Info.plist;
				IPHONEOS_DEPLOYMENT_TARGET = 11.2;
				LD_RUNPATH_SEARCH_PATHS = "$(inherited) @executable_path/Frameworks";
				PRODUCT_BUNDLE_IDENTIFIER = com.aatech.SlideApp;
				PRODUCT_NAME = "$(TARGET_NAME)";
				SWIFT_VERSION = 4.0;
				TARGETED_DEVICE_FAMILY = "1,2";
			};
			name = Release;
		};
		9D9C3E072022C9C300DF5822 /* Debug */ = {
			isa = XCBuildConfiguration;
			buildSettings = {
				ALWAYS_EMBED_SWIFT_STANDARD_LIBRARIES = YES;
				BUNDLE_LOADER = "$(TEST_HOST)";
				CODE_SIGN_STYLE = Automatic;
				DEVELOPMENT_TEAM = 797Q3HJ5U5;
				INFOPLIST_FILE = SlideAppTests/Info.plist;
				IPHONEOS_DEPLOYMENT_TARGET = 11.2;
				LD_RUNPATH_SEARCH_PATHS = "$(inherited) @executable_path/Frameworks @loader_path/Frameworks";
				PRODUCT_BUNDLE_IDENTIFIER = com.aatech.SlideAppTests;
				PRODUCT_NAME = "$(TARGET_NAME)";
				SWIFT_VERSION = 4.0;
				TARGETED_DEVICE_FAMILY = "1,2";
				TEST_HOST = "$(BUILT_PRODUCTS_DIR)/SlideApp.app/SlideApp";
			};
			name = Debug;
		};
		9D9C3E082022C9C300DF5822 /* Release */ = {
			isa = XCBuildConfiguration;
			buildSettings = {
				ALWAYS_EMBED_SWIFT_STANDARD_LIBRARIES = YES;
				BUNDLE_LOADER = "$(TEST_HOST)";
				CODE_SIGN_STYLE = Automatic;
				DEVELOPMENT_TEAM = 797Q3HJ5U5;
				INFOPLIST_FILE = SlideAppTests/Info.plist;
				IPHONEOS_DEPLOYMENT_TARGET = 11.2;
				LD_RUNPATH_SEARCH_PATHS = "$(inherited) @executable_path/Frameworks @loader_path/Frameworks";
				PRODUCT_BUNDLE_IDENTIFIER = com.aatech.SlideAppTests;
				PRODUCT_NAME = "$(TARGET_NAME)";
				SWIFT_VERSION = 4.0;
				TARGETED_DEVICE_FAMILY = "1,2";
				TEST_HOST = "$(BUILT_PRODUCTS_DIR)/SlideApp.app/SlideApp";
			};
			name = Release;
		};
		9D9C3E092022C9C300DF5822 /* Debug */ = {
			isa = XCBuildConfiguration;
			buildSettings = {
				ALWAYS_EMBED_SWIFT_STANDARD_LIBRARIES = YES;
				CODE_SIGN_STYLE = Automatic;
				DEVELOPMENT_TEAM = 797Q3HJ5U5;
				INFOPLIST_FILE = SlideAppUITests/Info.plist;
				IPHONEOS_DEPLOYMENT_TARGET = 11.2;
				LD_RUNPATH_SEARCH_PATHS = "$(inherited) @executable_path/Frameworks @loader_path/Frameworks";
				PRODUCT_BUNDLE_IDENTIFIER = com.aatech.SlideAppUITests;
				PRODUCT_NAME = "$(TARGET_NAME)";
				SWIFT_VERSION = 4.0;
				TARGETED_DEVICE_FAMILY = "1,2";
				TEST_TARGET_NAME = SlideApp;
			};
			name = Debug;
		};
		9D9C3E0A2022C9C300DF5822 /* Release */ = {
			isa = XCBuildConfiguration;
			buildSettings = {
				ALWAYS_EMBED_SWIFT_STANDARD_LIBRARIES = YES;
				CODE_SIGN_STYLE = Automatic;
				DEVELOPMENT_TEAM = 797Q3HJ5U5;
				INFOPLIST_FILE = SlideAppUITests/Info.plist;
				IPHONEOS_DEPLOYMENT_TARGET = 11.2;
				LD_RUNPATH_SEARCH_PATHS = "$(inherited) @executable_path/Frameworks @loader_path/Frameworks";
				PRODUCT_BUNDLE_IDENTIFIER = com.aatech.SlideAppUITests;
				PRODUCT_NAME = "$(TARGET_NAME)";
				SWIFT_VERSION = 4.0;
				TARGETED_DEVICE_FAMILY = "1,2";
				TEST_TARGET_NAME = SlideApp;
			};
			name = Release;
		};
/* End XCBuildConfiguration section */

/* Begin XCConfigurationList section */
		9D600452201504E100A3105B /* Build configuration list for PBXProject "Slide" */ = {
			isa = XCConfigurationList;
			buildConfigurations = (
				9D60046F201504E200A3105B /* Debug */,
				9D600470201504E200A3105B /* Release */,
			);
			defaultConfigurationIsVisible = 0;
			defaultConfigurationName = Release;
		};
		9D600471201504E200A3105B /* Build configuration list for PBXNativeTarget "Slide MessagesExtension" */ = {
			isa = XCConfigurationList;
			buildConfigurations = (
				9D600472201504E200A3105B /* Debug */,
				9D600473201504E200A3105B /* Release */,
			);
			defaultConfigurationIsVisible = 0;
			defaultConfigurationName = Release;
		};
		9D600475201504E200A3105B /* Build configuration list for PBXNativeTarget "Slide" */ = {
			isa = XCConfigurationList;
			buildConfigurations = (
				9D600476201504E200A3105B /* Debug */,
				9D600477201504E200A3105B /* Release */,
			);
			defaultConfigurationIsVisible = 0;
			defaultConfigurationName = Release;
		};
		9D9C3E0B2022C9C300DF5822 /* Build configuration list for PBXNativeTarget "SlideApp" */ = {
			isa = XCConfigurationList;
			buildConfigurations = (
				9D9C3E052022C9C300DF5822 /* Debug */,
				9D9C3E062022C9C300DF5822 /* Release */,
			);
			defaultConfigurationIsVisible = 0;
			defaultConfigurationName = Release;
		};
		9D9C3E0C2022C9C300DF5822 /* Build configuration list for PBXNativeTarget "SlideAppTests" */ = {
			isa = XCConfigurationList;
			buildConfigurations = (
				9D9C3E072022C9C300DF5822 /* Debug */,
				9D9C3E082022C9C300DF5822 /* Release */,
			);
			defaultConfigurationIsVisible = 0;
			defaultConfigurationName = Release;
		};
		9D9C3E0D2022C9C300DF5822 /* Build configuration list for PBXNativeTarget "SlideAppUITests" */ = {
			isa = XCConfigurationList;
			buildConfigurations = (
				9D9C3E092022C9C300DF5822 /* Debug */,
				9D9C3E0A2022C9C300DF5822 /* Release */,
			);
			defaultConfigurationIsVisible = 0;
			defaultConfigurationName = Release;
		};
/* End XCConfigurationList section */
	};
	rootObject = 9D60044F201504E100A3105B /* Project object */;
}
